
Microsoft Visual Studio Solution File, Format Version 12.00
# Visual Studio Version 17
VisualStudioVersion = 17.2.32526.322
MinimumVisualStudioVersion = 10.0.40219.1
Project("{9A19103F-16F7-4668-BE54-9A1E7A4F7556}") = "ListMEAPI", "ListMEAPI\ListMEAPI.csproj", "{38A287BF-6F11-48E9-9772-E4A359DCC47D}"
EndProject
Project("{2150E333-8FDC-42A3-9474-1A3956D46DE8}") = "Testes", "Testes", "{A4ECAD23-8306-462E-8B29-7DBD4DB95E98}"
EndProject
Project("{FAE04EC0-301F-11D3-BF4B-00C04F79EFBC}") = "ListMEAPI.Tests", "Testes.ListMEAPI\ListMEAPI.Tests.csproj", "{66DF0D74-4356-4F38-99D4-BD04EFCD3B62}"
EndProject
Global
	GlobalSection(SolutionConfigurationPlatforms) = preSolution
		Debug|Any CPU = Debug|Any CPU
		Release|Any CPU = Release|Any CPU
	EndGlobalSection
	GlobalSection(ProjectConfigurationPlatforms) = postSolution
		{38A287BF-6F11-48E9-9772-E4A359DCC47D}.Debug|Any CPU.ActiveCfg = Debug|Any CPU
		{38A287BF-6F11-48E9-9772-E4A359DCC47D}.Debug|Any CPU.Build.0 = Debug|Any CPU
		{38A287BF-6F11-48E9-9772-E4A359DCC47D}.Release|Any CPU.ActiveCfg = Release|Any CPU
		{38A287BF-6F11-48E9-9772-E4A359DCC47D}.Release|Any CPU.Build.0 = Release|Any CPU
		{66DF0D74-4356-4F38-99D4-BD04EFCD3B62}.Debug|Any CPU.ActiveCfg = Debug|Any CPU
		{66DF0D74-4356-4F38-99D4-BD04EFCD3B62}.Debug|Any CPU.Build.0 = Debug|Any CPU
		{66DF0D74-4356-4F38-99D4-BD04EFCD3B62}.Release|Any CPU.ActiveCfg = Release|Any CPU
		{66DF0D74-4356-4F38-99D4-BD04EFCD3B62}.Release|Any CPU.Build.0 = Release|Any CPU
	EndGlobalSection
	GlobalSection(SolutionProperties) = preSolution
		HideSolutionNode = FALSE
	EndGlobalSection
	GlobalSection(NestedProjects) = preSolution
		{66DF0D74-4356-4F38-99D4-BD04EFCD3B62} = {A4ECAD23-8306-462E-8B29-7DBD4DB95E98}
	EndGlobalSection
	GlobalSection(ExtensibilityGlobals) = postSolution
		SolutionGuid = {9BB63D2B-52C6-455C-B9C5-85C355A384A0}
	EndGlobalSection
EndGlobal
